
Microsoft Visual Studio Solution File, Format Version 12.00
# Visual Studio Version 16
VisualStudioVersion = 16.0.31229.75
MinimumVisualStudioVersion = 10.0.40219.1
Project("{8BC9CEB8-8B4A-11D0-8D11-00A0C91BC942}") = "CourseW0rk", "CourseW0rk\CourseW0rk.vcxproj", "{F5325F3A-35F0-409F-BA63-386624E5D4A8}"
EndProject
Project("{8BC9CEB8-8B4A-11D0-8D11-00A0C91BC942}") = "UnitTest4", "UnitTest4\UnitTest4.vcxproj", "{7B24043A-C1F9-43D1-8735-64F986B76D7A}"
EndProject
Global
	GlobalSection(SolutionConfigurationPlatforms) = preSolution
		Debug|x64 = Debug|x64
		Debug|x86 = Debug|x86
		Release|x64 = Release|x64
		Release|x86 = Release|x86
	EndGlobalSection
	GlobalSection(ProjectConfigurationPlatforms) = postSolution
		{F5325F3A-35F0-409F-BA63-386624E5D4A8}.Debug|x64.ActiveCfg = Debug|x64
		{F5325F3A-35F0-409F-BA63-386624E5D4A8}.Debug|x64.Build.0 = Debug|x64
		{F5325F3A-35F0-409F-BA63-386624E5D4A8}.Debug|x86.ActiveCfg = Debug|Win32
		{F5325F3A-35F0-409F-BA63-386624E5D4A8}.Debug|x86.Build.0 = Debug|Win32
		{F5325F3A-35F0-409F-BA63-386624E5D4A8}.Release|x64.ActiveCfg = Release|x64
		{F5325F3A-35F0-409F-BA63-386624E5D4A8}.Release|x64.Build.0 = Release|x64
		{F5325F3A-35F0-409F-BA63-386624E5D4A8}.Release|x86.ActiveCfg = Release|Win32
		{F5325F3A-35F0-409F-BA63-386624E5D4A8}.Release|x86.Build.0 = Release|Win32
		{7B24043A-C1F9-43D1-8735-64F986B76D7A}.Debug|x64.ActiveCfg = Debug|x64
		{7B24043A-C1F9-43D1-8735-64F986B76D7A}.Debug|x64.Build.0 = Debug|x64
		{7B24043A-C1F9-43D1-8735-64F986B76D7A}.Debug|x86.ActiveCfg = Debug|Win32
		{7B24043A-C1F9-43D1-8735-64F986B76D7A}.Debug|x86.Build.0 = Debug|Win32
		{7B24043A-C1F9-43D1-8735-64F986B76D7A}.Release|x64.ActiveCfg = Release|x64
		{7B24043A-C1F9-43D1-8735-64F986B76D7A}.Release|x64.Build.0 = Release|x64
		{7B24043A-C1F9-43D1-8735-64F986B76D7A}.Release|x86.ActiveCfg = Release|Win32
		{7B24043A-C1F9-43D1-8735-64F986B76D7A}.Release|x86.Build.0 = Release|Win32
	EndGlobalSection
	GlobalSection(SolutionProperties) = preSolution
		HideSolutionNode = FALSE
	EndGlobalSection
	GlobalSection(ExtensibilityGlobals) = postSolution
		SolutionGuid = {9BD99DB5-FE12-4551-AE32-E6A8D721CA3A}
	EndGlobalSection
EndGlobal
